
Microsoft Visual Studio Solution File, Format Version 12.00
# Visual Studio for Mac
Project("{FAE04EC0-301F-11D3-BF4B-00C04F79EFBC}") = "Assembly-CSharp", "Assembly-CSharp.csproj", "{346B82F3-7A78-9DA9-737A-03477EF2A34E}"
EndProject
Global
	GlobalSection(SolutionConfigurationPlatforms) = preSolution
		Debug|Any CPU = Debug|Any CPU
		Release|Any CPU = Release|Any CPU
	EndGlobalSection
	GlobalSection(ProjectConfigurationPlatforms) = postSolution
		{346B82F3-7A78-9DA9-737A-03477EF2A34E}.Debug|Any CPU.ActiveCfg = Debug|Any CPU
		{346B82F3-7A78-9DA9-737A-03477EF2A34E}.Debug|Any CPU.Build.0 = Debug|Any CPU
		{346B82F3-7A78-9DA9-737A-03477EF2A34E}.Release|Any CPU.ActiveCfg = Release|Any CPU
		{346B82F3-7A78-9DA9-737A-03477EF2A34E}.Release|Any CPU.Build.0 = Release|Any CPU
	EndGlobalSection
	GlobalSection(SolutionProperties) = preSolution
		HideSolutionNode = FALSE
	EndGlobalSection
EndGlobal
